
Microsoft Visual Studio Solution File, Format Version 12.00
# Visual Studio Version 16
VisualStudioVersion = 16.0.30309.148
MinimumVisualStudioVersion = 10.0.40219.1
Project("{FAE04EC0-301F-11D3-BF4B-00C04F79EFBC}") = "Ex1", "Ex1\Ex1.csproj", "{17CD2867-49F4-47F4-94ED-E2AA295A7F46}"
EndProject
Project("{FAE04EC0-301F-11D3-BF4B-00C04F79EFBC}") = "Ex2", "Ex2\Ex2.csproj", "{56D1C743-F195-461D-9972-4AE428BDEC0E}"
EndProject
Project("{FAE04EC0-301F-11D3-BF4B-00C04F79EFBC}") = "Ex3", "Ex3\Ex3.csproj", "{62ABC912-9E45-479A-83D1-101DA45B44BA}"
EndProject
Project("{FAE04EC0-301F-11D3-BF4B-00C04F79EFBC}") = "Ex4", "Ex4\Ex4.csproj", "{3BBF78DF-789B-4567-9DB9-A6A4906D05D2}"
EndProject
Project("{FAE04EC0-301F-11D3-BF4B-00C04F79EFBC}") = "Ex5", "Ex5\Ex5.csproj", "{1625E060-4258-4B91-AD33-1680D5D201E7}"
EndProject
Project("{FAE04EC0-301F-11D3-BF4B-00C04F79EFBC}") = "Ex6", "Ex6\Ex6.csproj", "{83420391-E21E-41C1-9F23-FCE458AFAFC6}"
EndProject
Project("{FAE04EC0-301F-11D3-BF4B-00C04F79EFBC}") = "Ex7", "Ex7\Ex7.csproj", "{4B2B87C7-CFCB-4C5A-8694-529023A610FF}"
EndProject
Project("{FAE04EC0-301F-11D3-BF4B-00C04F79EFBC}") = "Ex8", "Ex8\Ex8.csproj", "{301A79FC-5998-473B-80A2-8B387E37BE58}"
EndProject
Project("{FAE04EC0-301F-11D3-BF4B-00C04F79EFBC}") = "Ex9", "Ex9\Ex9.csproj", "{FC33D999-C683-4E33-92CC-D7AA4F4F6A18}"
EndProject
Project("{FAE04EC0-301F-11D3-BF4B-00C04F79EFBC}") = "Ex10", "Ex10\Ex10.csproj", "{34DDE33C-1D21-41E8-B710-709EA9FD1DD3}"
EndProject
Project("{FAE04EC0-301F-11D3-BF4B-00C04F79EFBC}") = "Ex11", "Ex11\Ex11.csproj", "{CE568385-8A77-404A-A5C5-0A52304C077E}"
EndProject
Project("{FAE04EC0-301F-11D3-BF4B-00C04F79EFBC}") = "Ex12", "Ex12\Ex12.csproj", "{B81DB772-06E8-4361-B113-1478AFA0F516}"
EndProject
Project("{FAE04EC0-301F-11D3-BF4B-00C04F79EFBC}") = "Ex13", "Ex13\Ex13.csproj", "{E77929F4-80F1-4060-A323-E6C93DC88E2B}"
EndProject
Global
	GlobalSection(SolutionConfigurationPlatforms) = preSolution
		Debug|Any CPU = Debug|Any CPU
		Release|Any CPU = Release|Any CPU
	EndGlobalSection
	GlobalSection(ProjectConfigurationPlatforms) = postSolution
		{17CD2867-49F4-47F4-94ED-E2AA295A7F46}.Debug|Any CPU.ActiveCfg = Debug|Any CPU
		{17CD2867-49F4-47F4-94ED-E2AA295A7F46}.Debug|Any CPU.Build.0 = Debug|Any CPU
		{17CD2867-49F4-47F4-94ED-E2AA295A7F46}.Release|Any CPU.ActiveCfg = Release|Any CPU
		{17CD2867-49F4-47F4-94ED-E2AA295A7F46}.Release|Any CPU.Build.0 = Release|Any CPU
		{56D1C743-F195-461D-9972-4AE428BDEC0E}.Debug|Any CPU.ActiveCfg = Debug|Any CPU
		{56D1C743-F195-461D-9972-4AE428BDEC0E}.Debug|Any CPU.Build.0 = Debug|Any CPU
		{56D1C743-F195-461D-9972-4AE428BDEC0E}.Release|Any CPU.ActiveCfg = Release|Any CPU
		{56D1C743-F195-461D-9972-4AE428BDEC0E}.Release|Any CPU.Build.0 = Release|Any CPU
		{62ABC912-9E45-479A-83D1-101DA45B44BA}.Debug|Any CPU.ActiveCfg = Debug|Any CPU
		{62ABC912-9E45-479A-83D1-101DA45B44BA}.Debug|Any CPU.Build.0 = Debug|Any CPU
		{62ABC912-9E45-479A-83D1-101DA45B44BA}.Release|Any CPU.ActiveCfg = Release|Any CPU
		{62ABC912-9E45-479A-83D1-101DA45B44BA}.Release|Any CPU.Build.0 = Release|Any CPU
		{3BBF78DF-789B-4567-9DB9-A6A4906D05D2}.Debug|Any CPU.ActiveCfg = Debug|Any CPU
		{3BBF78DF-789B-4567-9DB9-A6A4906D05D2}.Debug|Any CPU.Build.0 = Debug|Any CPU
		{3BBF78DF-789B-4567-9DB9-A6A4906D05D2}.Release|Any CPU.ActiveCfg = Release|Any CPU
		{3BBF78DF-789B-4567-9DB9-A6A4906D05D2}.Release|Any CPU.Build.0 = Release|Any CPU
		{1625E060-4258-4B91-AD33-1680D5D201E7}.Debug|Any CPU.ActiveCfg = Debug|Any CPU
		{1625E060-4258-4B91-AD33-1680D5D201E7}.Debug|Any CPU.Build.0 = Debug|Any CPU
		{1625E060-4258-4B91-AD33-1680D5D201E7}.Release|Any CPU.ActiveCfg = Release|Any CPU
		{1625E060-4258-4B91-AD33-1680D5D201E7}.Release|Any CPU.Build.0 = Release|Any CPU
		{83420391-E21E-41C1-9F23-FCE458AFAFC6}.Debug|Any CPU.ActiveCfg = Debug|Any CPU
		{83420391-E21E-41C1-9F23-FCE458AFAFC6}.Debug|Any CPU.Build.0 = Debug|Any CPU
		{83420391-E21E-41C1-9F23-FCE458AFAFC6}.Release|Any CPU.ActiveCfg = Release|Any CPU
		{83420391-E21E-41C1-9F23-FCE458AFAFC6}.Release|Any CPU.Build.0 = Release|Any CPU
		{4B2B87C7-CFCB-4C5A-8694-529023A610FF}.Debug|Any CPU.ActiveCfg = Debug|Any CPU
		{4B2B87C7-CFCB-4C5A-8694-529023A610FF}.Debug|Any CPU.Build.0 = Debug|Any CPU
		{4B2B87C7-CFCB-4C5A-8694-529023A610FF}.Release|Any CPU.ActiveCfg = Release|Any CPU
		{4B2B87C7-CFCB-4C5A-8694-529023A610FF}.Release|Any CPU.Build.0 = Release|Any CPU
		{301A79FC-5998-473B-80A2-8B387E37BE58}.Debug|Any CPU.ActiveCfg = Debug|Any CPU
		{301A79FC-5998-473B-80A2-8B387E37BE58}.Debug|Any CPU.Build.0 = Debug|Any CPU
		{301A79FC-5998-473B-80A2-8B387E37BE58}.Release|Any CPU.ActiveCfg = Release|Any CPU
		{301A79FC-5998-473B-80A2-8B387E37BE58}.Release|Any CPU.Build.0 = Release|Any CPU
		{FC33D999-C683-4E33-92CC-D7AA4F4F6A18}.Debug|Any CPU.ActiveCfg = Debug|Any CPU
		{FC33D999-C683-4E33-92CC-D7AA4F4F6A18}.Debug|Any CPU.Build.0 = Debug|Any CPU
		{FC33D999-C683-4E33-92CC-D7AA4F4F6A18}.Release|Any CPU.ActiveCfg = Release|Any CPU
		{FC33D999-C683-4E33-92CC-D7AA4F4F6A18}.Release|Any CPU.Build.0 = Release|Any CPU
		{34DDE33C-1D21-41E8-B710-709EA9FD1DD3}.Debug|Any CPU.ActiveCfg = Debug|Any CPU
		{34DDE33C-1D21-41E8-B710-709EA9FD1DD3}.Debug|Any CPU.Build.0 = Debug|Any CPU
		{34DDE33C-1D21-41E8-B710-709EA9FD1DD3}.Release|Any CPU.ActiveCfg = Release|Any CPU
		{34DDE33C-1D21-41E8-B710-709EA9FD1DD3}.Release|Any CPU.Build.0 = Release|Any CPU
		{CE568385-8A77-404A-A5C5-0A52304C077E}.Debug|Any CPU.ActiveCfg = Debug|Any CPU
		{CE568385-8A77-404A-A5C5-0A52304C077E}.Debug|Any CPU.Build.0 = Debug|Any CPU
		{CE568385-8A77-404A-A5C5-0A52304C077E}.Release|Any CPU.ActiveCfg = Release|Any CPU
		{CE568385-8A77-404A-A5C5-0A52304C077E}.Release|Any CPU.Build.0 = Release|Any CPU
		{B81DB772-06E8-4361-B113-1478AFA0F516}.Debug|Any CPU.ActiveCfg = Debug|Any CPU
		{B81DB772-06E8-4361-B113-1478AFA0F516}.Debug|Any CPU.Build.0 = Debug|Any CPU
		{B81DB772-06E8-4361-B113-1478AFA0F516}.Release|Any CPU.ActiveCfg = Release|Any CPU
		{B81DB772-06E8-4361-B113-1478AFA0F516}.Release|Any CPU.Build.0 = Release|Any CPU
		{E77929F4-80F1-4060-A323-E6C93DC88E2B}.Debug|Any CPU.ActiveCfg = Debug|Any CPU
		{E77929F4-80F1-4060-A323-E6C93DC88E2B}.Debug|Any CPU.Build.0 = Debug|Any CPU
		{E77929F4-80F1-4060-A323-E6C93DC88E2B}.Release|Any CPU.ActiveCfg = Release|Any CPU
		{E77929F4-80F1-4060-A323-E6C93DC88E2B}.Release|Any CPU.Build.0 = Release|Any CPU
	EndGlobalSection
	GlobalSection(SolutionProperties) = preSolution
		HideSolutionNode = FALSE
	EndGlobalSection
	GlobalSection(ExtensibilityGlobals) = postSolution
		SolutionGuid = {E241129C-5870-44A6-AC77-86D9211D1EF5}
	EndGlobalSection
EndGlobal
